
Microsoft Visual Studio Solution File, Format Version 12.00
# Visual Studio 14
VisualStudioVersion = 14.0.25420.1
MinimumVisualStudioVersion = 10.0.40219.1
Project("{FAE04EC0-301F-11D3-BF4B-00C04F79EFBC}") = "Yutai", "Yutai\Yutai.csproj", "{23F812D9-D4AA-44AA-A721-AD0948099A95}"
EndProject
Project("{FAE04EC0-301F-11D3-BF4B-00C04F79EFBC}") = "Yutai.Plugins", "Yutai.Plugins\Yutai.Plugins.csproj", "{800F2EE4-47AB-4CD4-934D-A64980D98A23}"
EndProject
Project("{FAE04EC0-301F-11D3-BF4B-00C04F79EFBC}") = "Yutai.Api", "Yutai.Api\Yutai.Api.csproj", "{C0A8949E-D665-4044-8950-1A71C9B2D081}"
EndProject
Project("{FAE04EC0-301F-11D3-BF4B-00C04F79EFBC}") = "Yutai.Shared", "Yutai.Shared\Yutai.Shared.csproj", "{4A9B3243-2B0A-4E87-9B23-71A58C1F318D}"
EndProject
Project("{FAE04EC0-301F-11D3-BF4B-00C04F79EFBC}") = "Yutai.Services", "Yutai.Services\Yutai.Services.csproj", "{E95B46F1-A8D7-41D8-9F5A-B57BD748A62B}"
EndProject
Project("{2150E333-8FDC-42A3-9474-1A3956D46DE8}") = "Injection", "Injection", "{546C6024-A2C9-4646-A91B-CC32F1D29F25}"
EndProject
Project("{FAE04EC0-301F-11D3-BF4B-00C04F79EFBC}") = "Yutai.DI.Castle", "Yutai.DI.Castle\Yutai.DI.Castle.csproj", "{F7CF04D0-81A0-4E89-BD3B-7689F49F3653}"
EndProject
Project("{FAE04EC0-301F-11D3-BF4B-00C04F79EFBC}") = "Yutai.DI.LightInject", "Yutai.DI.LightInject\Yutai.DI.LightInject.csproj", "{67BA45CA-B298-4CD3-9883-8DB1F1BE3820}"
EndProject
Project("{FAE04EC0-301F-11D3-BF4B-00C04F79EFBC}") = "Yutai.DI.Unity", "Yutai.DI.Unity\Yutai.DI.Unity.csproj", "{91B66FF3-1782-480B-8132-4E6D2A83512F}"
EndProject
Project("{FAE04EC0-301F-11D3-BF4B-00C04F79EFBC}") = "Yutai.DI.Ninject", "Yutai.DI.Ninject\Yutai.DI.Ninject.csproj", "{79447C9F-422F-47AB-86D6-541F69E5935C}"
EndProject
Project("{FAE04EC0-301F-11D3-BF4B-00C04F79EFBC}") = "Yutai.UI", "Yutai.UI\Yutai.UI.csproj", "{9A73B99A-0D59-4B55-B35F-721D321942AF}"
EndProject
Project("{2150E333-8FDC-42A3-9474-1A3956D46DE8}") = "Plugins", "Plugins", "{8B0AFA56-C612-4A32-A40A-5BC12287E797}"
EndProject
Project("{FAE04EC0-301F-11D3-BF4B-00C04F79EFBC}") = "Yutai.Identifer", "Yutai.Identifer\Yutai.Identifer.csproj", "{E7598649-D49B-45FA-B020-57E2DD777337}"
EndProject
Project("{FAE04EC0-301F-11D3-BF4B-00C04F79EFBC}") = "Yutai.ArcGIS.Common", "Yutai.ArcGIS.Common\Yutai.ArcGIS.Common.csproj", "{1938B3F8-8EDE-48F7-9594-EEB1F126E622}"
EndProject
Project("{FAE04EC0-301F-11D3-BF4B-00C04F79EFBC}") = "Yutai.Locator", "Yutai.Locator\Yutai.Locator.csproj", "{2B81C89A-EE45-4276-9DC1-72BBBF07F53F}"
EndProject
Project("{FAE04EC0-301F-11D3-BF4B-00C04F79EFBC}") = "Yutai.Bookmark", "Yutai.Bookmark\Yutai.Bookmark.csproj", "{01F8E32A-5837-431F-9C1B-5D0F195FB93E}"
EndProject
Project("{2150E333-8FDC-42A3-9474-1A3956D46DE8}") = "ArcGIS", "ArcGIS", "{BEEEFBD4-1D51-4235-B95F-2697E24E9567}"
EndProject
Project("{FAE04EC0-301F-11D3-BF4B-00C04F79EFBC}") = "Yutai.Editor", "Yutai.Editor\Yutai.Editor.csproj", "{4A3BCAAB-9D3E-4CA7-A19D-7EE08FB0629E}"
EndProject
Project("{FAE04EC0-301F-11D3-BF4B-00C04F79EFBC}") = "Yutai.ArcGIS.Carto", "Yutai.ArcGIS.Carto\Yutai.ArcGIS.Carto.csproj", "{C493421E-9EA5-43C7-94A1-3CAF106014BE}"
EndProject
Project("{FAE04EC0-301F-11D3-BF4B-00C04F79EFBC}") = "Yutai.ArcGIS.Controls", "Yutai.ArcGIS.Controls\Yutai.ArcGIS.Controls.csproj", "{0E17B019-EE36-46B7-8B96-C0A3CA666430}"
EndProject
Project("{FAE04EC0-301F-11D3-BF4B-00C04F79EFBC}") = "Yutai.ArcGIS.Framework", "Yutai.ArcGIS.Framework\Yutai.ArcGIS.Framework.csproj", "{80D1C45B-805C-48E6-BF90-F8CB2B033D31}"
EndProject
Project("{FAE04EC0-301F-11D3-BF4B-00C04F79EFBC}") = "Yutai.ArcGIS.Catalog", "Yutai.ArcGIS.Catalog\Yutai.ArcGIS.Catalog.csproj", "{A71076F2-B2ED-4522-8DBF-BCA1689EB637}"
EndProject
Project("{FAE04EC0-301F-11D3-BF4B-00C04F79EFBC}") = "Yutai.TableEditor", "Yutai.TableEditor\Yutai.TableEditor.csproj", "{7DA6C412-C345-4CCC-9F22-EF7EB3757898}"
EndProject
Project("{FAE04EC0-301F-11D3-BF4B-00C04F79EFBC}") = "Yutai.Catalog", "Yutai.Catalog\Yutai.Catalog.csproj", "{5E857D4E-1A77-46D8-B1BB-B36548BE7333}"
EndProject
Project("{2150E333-8FDC-42A3-9474-1A3956D46DE8}") = "Pipeline", "Pipeline", "{00C6BE93-0146-4D04-8E60-D10295606865}"
EndProject
Project("{FAE04EC0-301F-11D3-BF4B-00C04F79EFBC}") = "Yutai.Pipeline.Analysis", "Yutai.Pipeline.Analysis\Yutai.Pipeline.Analysis.csproj", "{F804E812-481E-45C3-BE08-749DA82075D1}"
EndProject
Project("{FAE04EC0-301F-11D3-BF4B-00C04F79EFBC}") = "Yutai.Pipeline.Config", "Yutai.Pipeline.Config\Yutai.Pipeline.Config.csproj", "{0AA42995-A1CE-49FD-BB98-F94EED2D7289}"
EndProject
Project("{FAE04EC0-301F-11D3-BF4B-00C04F79EFBC}") = "Yutai.Printing", "Yutai.Printing\Yutai.Printing.csproj", "{5E933989-B5A4-4A45-A5B7-2D9DED61DF0F}"
EndProject
Project("{FAE04EC0-301F-11D3-BF4B-00C04F79EFBC}") = "Yutai.Template", "Yutai.Template\Yutai.Template.csproj", "{2FD39CFF-E0D7-44CB-A6F7-B5E90499124C}"
EndProject
Project("{FAE04EC0-301F-11D3-BF4B-00C04F79EFBC}") = "Yutai.Scene", "Yutai.Scene\Yutai.Scene.csproj", "{131E4661-6E57-4BBA-BA2A-CE7735DC67E1}"
EndProject
Project("{FAE04EC0-301F-11D3-BF4B-00C04F79EFBC}") = "Yutai.Metadata", "Yutai.Metadata\Yutai.Metadata.csproj", "{B91D4BDF-E238-44A7-A5BC-5B2B906CA929}"
EndProject
Project("{FAE04EC0-301F-11D3-BF4B-00C04F79EFBC}") = "Yutai.Pipeline.Editor", "Yutai.Pipeline.Editor\Yutai.Pipeline.Editor.csproj", "{95AB64F9-65CA-400F-8F68-C18CADFF1421}"
EndProject
Global
	GlobalSection(SolutionConfigurationPlatforms) = preSolution
		Debug|Any CPU = Debug|Any CPU
		Debug|x86 = Debug|x86
		Release|Any CPU = Release|Any CPU
		Release|x86 = Release|x86
	EndGlobalSection
	GlobalSection(ProjectConfigurationPlatforms) = postSolution
		{23F812D9-D4AA-44AA-A721-AD0948099A95}.Debug|Any CPU.ActiveCfg = Debug|Any CPU
		{23F812D9-D4AA-44AA-A721-AD0948099A95}.Debug|Any CPU.Build.0 = Debug|Any CPU
		{23F812D9-D4AA-44AA-A721-AD0948099A95}.Debug|x86.ActiveCfg = Debug|Any CPU
		{23F812D9-D4AA-44AA-A721-AD0948099A95}.Debug|x86.Build.0 = Debug|Any CPU
		{23F812D9-D4AA-44AA-A721-AD0948099A95}.Release|Any CPU.ActiveCfg = Release|Any CPU
		{23F812D9-D4AA-44AA-A721-AD0948099A95}.Release|Any CPU.Build.0 = Release|Any CPU
		{23F812D9-D4AA-44AA-A721-AD0948099A95}.Release|x86.ActiveCfg = Release|Any CPU
		{23F812D9-D4AA-44AA-A721-AD0948099A95}.Release|x86.Build.0 = Release|Any CPU
		{800F2EE4-47AB-4CD4-934D-A64980D98A23}.Debug|Any CPU.ActiveCfg = Debug|Any CPU
		{800F2EE4-47AB-4CD4-934D-A64980D98A23}.Debug|Any CPU.Build.0 = Debug|Any CPU
		{800F2EE4-47AB-4CD4-934D-A64980D98A23}.Debug|x86.ActiveCfg = Debug|Any CPU
		{800F2EE4-47AB-4CD4-934D-A64980D98A23}.Debug|x86.Build.0 = Debug|Any CPU
		{800F2EE4-47AB-4CD4-934D-A64980D98A23}.Release|Any CPU.ActiveCfg = Release|Any CPU
		{800F2EE4-47AB-4CD4-934D-A64980D98A23}.Release|Any CPU.Build.0 = Release|Any CPU
		{800F2EE4-47AB-4CD4-934D-A64980D98A23}.Release|x86.ActiveCfg = Release|Any CPU
		{800F2EE4-47AB-4CD4-934D-A64980D98A23}.Release|x86.Build.0 = Release|Any CPU
		{C0A8949E-D665-4044-8950-1A71C9B2D081}.Debug|Any CPU.ActiveCfg = Debug|Any CPU
		{C0A8949E-D665-4044-8950-1A71C9B2D081}.Debug|Any CPU.Build.0 = Debug|Any CPU
		{C0A8949E-D665-4044-8950-1A71C9B2D081}.Debug|x86.ActiveCfg = Debug|Any CPU
		{C0A8949E-D665-4044-8950-1A71C9B2D081}.Debug|x86.Build.0 = Debug|Any CPU
		{C0A8949E-D665-4044-8950-1A71C9B2D081}.Release|Any CPU.ActiveCfg = Release|Any CPU
		{C0A8949E-D665-4044-8950-1A71C9B2D081}.Release|Any CPU.Build.0 = Release|Any CPU
		{C0A8949E-D665-4044-8950-1A71C9B2D081}.Release|x86.ActiveCfg = Release|Any CPU
		{C0A8949E-D665-4044-8950-1A71C9B2D081}.Release|x86.Build.0 = Release|Any CPU
		{4A9B3243-2B0A-4E87-9B23-71A58C1F318D}.Debug|Any CPU.ActiveCfg = Debug|Any CPU
		{4A9B3243-2B0A-4E87-9B23-71A58C1F318D}.Debug|Any CPU.Build.0 = Debug|Any CPU
		{4A9B3243-2B0A-4E87-9B23-71A58C1F318D}.Debug|x86.ActiveCfg = Debug|Any CPU
		{4A9B3243-2B0A-4E87-9B23-71A58C1F318D}.Debug|x86.Build.0 = Debug|Any CPU
		{4A9B3243-2B0A-4E87-9B23-71A58C1F318D}.Release|Any CPU.ActiveCfg = Release|Any CPU
		{4A9B3243-2B0A-4E87-9B23-71A58C1F318D}.Release|Any CPU.Build.0 = Release|Any CPU
		{4A9B3243-2B0A-4E87-9B23-71A58C1F318D}.Release|x86.ActiveCfg = Release|Any CPU
		{4A9B3243-2B0A-4E87-9B23-71A58C1F318D}.Release|x86.Build.0 = Release|Any CPU
		{E95B46F1-A8D7-41D8-9F5A-B57BD748A62B}.Debug|Any CPU.ActiveCfg = Debug|Any CPU
		{E95B46F1-A8D7-41D8-9F5A-B57BD748A62B}.Debug|Any CPU.Build.0 = Debug|Any CPU
		{E95B46F1-A8D7-41D8-9F5A-B57BD748A62B}.Debug|x86.ActiveCfg = Debug|Any CPU
		{E95B46F1-A8D7-41D8-9F5A-B57BD748A62B}.Debug|x86.Build.0 = Debug|Any CPU
		{E95B46F1-A8D7-41D8-9F5A-B57BD748A62B}.Release|Any CPU.ActiveCfg = Release|Any CPU
		{E95B46F1-A8D7-41D8-9F5A-B57BD748A62B}.Release|Any CPU.Build.0 = Release|Any CPU
		{E95B46F1-A8D7-41D8-9F5A-B57BD748A62B}.Release|x86.ActiveCfg = Release|Any CPU
		{E95B46F1-A8D7-41D8-9F5A-B57BD748A62B}.Release|x86.Build.0 = Release|Any CPU
		{F7CF04D0-81A0-4E89-BD3B-7689F49F3653}.Debug|Any CPU.ActiveCfg = Debug|Any CPU
		{F7CF04D0-81A0-4E89-BD3B-7689F49F3653}.Debug|Any CPU.Build.0 = Debug|Any CPU
		{F7CF04D0-81A0-4E89-BD3B-7689F49F3653}.Debug|x86.ActiveCfg = Debug|Any CPU
		{F7CF04D0-81A0-4E89-BD3B-7689F49F3653}.Debug|x86.Build.0 = Debug|Any CPU
		{F7CF04D0-81A0-4E89-BD3B-7689F49F3653}.Release|Any CPU.ActiveCfg = Release|Any CPU
		{F7CF04D0-81A0-4E89-BD3B-7689F49F3653}.Release|Any CPU.Build.0 = Release|Any CPU
		{F7CF04D0-81A0-4E89-BD3B-7689F49F3653}.Release|x86.ActiveCfg = Release|Any CPU
		{F7CF04D0-81A0-4E89-BD3B-7689F49F3653}.Release|x86.Build.0 = Release|Any CPU
		{67BA45CA-B298-4CD3-9883-8DB1F1BE3820}.Debug|Any CPU.ActiveCfg = Debug|Any CPU
		{67BA45CA-B298-4CD3-9883-8DB1F1BE3820}.Debug|Any CPU.Build.0 = Debug|Any CPU
		{67BA45CA-B298-4CD3-9883-8DB1F1BE3820}.Debug|x86.ActiveCfg = Debug|Any CPU
		{67BA45CA-B298-4CD3-9883-8DB1F1BE3820}.Debug|x86.Build.0 = Debug|Any CPU
		{67BA45CA-B298-4CD3-9883-8DB1F1BE3820}.Release|Any CPU.ActiveCfg = Release|Any CPU
		{67BA45CA-B298-4CD3-9883-8DB1F1BE3820}.Release|Any CPU.Build.0 = Release|Any CPU
		{67BA45CA-B298-4CD3-9883-8DB1F1BE3820}.Release|x86.ActiveCfg = Release|Any CPU
		{67BA45CA-B298-4CD3-9883-8DB1F1BE3820}.Release|x86.Build.0 = Release|Any CPU
		{91B66FF3-1782-480B-8132-4E6D2A83512F}.Debug|Any CPU.ActiveCfg = Debug|Any CPU
		{91B66FF3-1782-480B-8132-4E6D2A83512F}.Debug|Any CPU.Build.0 = Debug|Any CPU
		{91B66FF3-1782-480B-8132-4E6D2A83512F}.Debug|x86.ActiveCfg = Debug|Any CPU
		{91B66FF3-1782-480B-8132-4E6D2A83512F}.Debug|x86.Build.0 = Debug|Any CPU
		{91B66FF3-1782-480B-8132-4E6D2A83512F}.Release|Any CPU.ActiveCfg = Release|Any CPU
		{91B66FF3-1782-480B-8132-4E6D2A83512F}.Release|Any CPU.Build.0 = Release|Any CPU
		{91B66FF3-1782-480B-8132-4E6D2A83512F}.Release|x86.ActiveCfg = Release|Any CPU
		{91B66FF3-1782-480B-8132-4E6D2A83512F}.Release|x86.Build.0 = Release|Any CPU
		{79447C9F-422F-47AB-86D6-541F69E5935C}.Debug|Any CPU.ActiveCfg = Debug|Any CPU
		{79447C9F-422F-47AB-86D6-541F69E5935C}.Debug|Any CPU.Build.0 = Debug|Any CPU
		{79447C9F-422F-47AB-86D6-541F69E5935C}.Debug|x86.ActiveCfg = Debug|Any CPU
		{79447C9F-422F-47AB-86D6-541F69E5935C}.Debug|x86.Build.0 = Debug|Any CPU
		{79447C9F-422F-47AB-86D6-541F69E5935C}.Release|Any CPU.ActiveCfg = Release|Any CPU
		{79447C9F-422F-47AB-86D6-541F69E5935C}.Release|Any CPU.Build.0 = Release|Any CPU
		{79447C9F-422F-47AB-86D6-541F69E5935C}.Release|x86.ActiveCfg = Release|Any CPU
		{79447C9F-422F-47AB-86D6-541F69E5935C}.Release|x86.Build.0 = Release|Any CPU
		{9A73B99A-0D59-4B55-B35F-721D321942AF}.Debug|Any CPU.ActiveCfg = Debug|Any CPU
		{9A73B99A-0D59-4B55-B35F-721D321942AF}.Debug|Any CPU.Build.0 = Debug|Any CPU
		{9A73B99A-0D59-4B55-B35F-721D321942AF}.Debug|x86.ActiveCfg = Debug|Any CPU
		{9A73B99A-0D59-4B55-B35F-721D321942AF}.Debug|x86.Build.0 = Debug|Any CPU
		{9A73B99A-0D59-4B55-B35F-721D321942AF}.Release|Any CPU.ActiveCfg = Release|Any CPU
		{9A73B99A-0D59-4B55-B35F-721D321942AF}.Release|Any CPU.Build.0 = Release|Any CPU
		{9A73B99A-0D59-4B55-B35F-721D321942AF}.Release|x86.ActiveCfg = Release|Any CPU
		{9A73B99A-0D59-4B55-B35F-721D321942AF}.Release|x86.Build.0 = Release|Any CPU
		{E7598649-D49B-45FA-B020-57E2DD777337}.Debug|Any CPU.ActiveCfg = Debug|Any CPU
		{E7598649-D49B-45FA-B020-57E2DD777337}.Debug|Any CPU.Build.0 = Debug|Any CPU
		{E7598649-D49B-45FA-B020-57E2DD777337}.Debug|x86.ActiveCfg = Debug|Any CPU
		{E7598649-D49B-45FA-B020-57E2DD777337}.Debug|x86.Build.0 = Debug|Any CPU
		{E7598649-D49B-45FA-B020-57E2DD777337}.Release|Any CPU.ActiveCfg = Release|Any CPU
		{E7598649-D49B-45FA-B020-57E2DD777337}.Release|Any CPU.Build.0 = Release|Any CPU
		{E7598649-D49B-45FA-B020-57E2DD777337}.Release|x86.ActiveCfg = Release|Any CPU
		{E7598649-D49B-45FA-B020-57E2DD777337}.Release|x86.Build.0 = Release|Any CPU
		{1938B3F8-8EDE-48F7-9594-EEB1F126E622}.Debug|Any CPU.ActiveCfg = Debug|Any CPU
		{1938B3F8-8EDE-48F7-9594-EEB1F126E622}.Debug|Any CPU.Build.0 = Debug|Any CPU
		{1938B3F8-8EDE-48F7-9594-EEB1F126E622}.Debug|x86.ActiveCfg = Debug|Any CPU
		{1938B3F8-8EDE-48F7-9594-EEB1F126E622}.Debug|x86.Build.0 = Debug|Any CPU
		{1938B3F8-8EDE-48F7-9594-EEB1F126E622}.Release|Any CPU.ActiveCfg = Release|Any CPU
		{1938B3F8-8EDE-48F7-9594-EEB1F126E622}.Release|Any CPU.Build.0 = Release|Any CPU
		{1938B3F8-8EDE-48F7-9594-EEB1F126E622}.Release|x86.ActiveCfg = Release|Any CPU
		{1938B3F8-8EDE-48F7-9594-EEB1F126E622}.Release|x86.Build.0 = Release|Any CPU
		{2B81C89A-EE45-4276-9DC1-72BBBF07F53F}.Debug|Any CPU.ActiveCfg = Debug|Any CPU
		{2B81C89A-EE45-4276-9DC1-72BBBF07F53F}.Debug|Any CPU.Build.0 = Debug|Any CPU
		{2B81C89A-EE45-4276-9DC1-72BBBF07F53F}.Debug|x86.ActiveCfg = Debug|Any CPU
		{2B81C89A-EE45-4276-9DC1-72BBBF07F53F}.Debug|x86.Build.0 = Debug|Any CPU
		{2B81C89A-EE45-4276-9DC1-72BBBF07F53F}.Release|Any CPU.ActiveCfg = Release|Any CPU
		{2B81C89A-EE45-4276-9DC1-72BBBF07F53F}.Release|Any CPU.Build.0 = Release|Any CPU
		{2B81C89A-EE45-4276-9DC1-72BBBF07F53F}.Release|x86.ActiveCfg = Release|Any CPU
		{2B81C89A-EE45-4276-9DC1-72BBBF07F53F}.Release|x86.Build.0 = Release|Any CPU
		{01F8E32A-5837-431F-9C1B-5D0F195FB93E}.Debug|Any CPU.ActiveCfg = Debug|Any CPU
		{01F8E32A-5837-431F-9C1B-5D0F195FB93E}.Debug|Any CPU.Build.0 = Debug|Any CPU
		{01F8E32A-5837-431F-9C1B-5D0F195FB93E}.Debug|x86.ActiveCfg = Debug|Any CPU
		{01F8E32A-5837-431F-9C1B-5D0F195FB93E}.Debug|x86.Build.0 = Debug|Any CPU
		{01F8E32A-5837-431F-9C1B-5D0F195FB93E}.Release|Any CPU.ActiveCfg = Release|Any CPU
		{01F8E32A-5837-431F-9C1B-5D0F195FB93E}.Release|Any CPU.Build.0 = Release|Any CPU
		{01F8E32A-5837-431F-9C1B-5D0F195FB93E}.Release|x86.ActiveCfg = Release|Any CPU
		{01F8E32A-5837-431F-9C1B-5D0F195FB93E}.Release|x86.Build.0 = Release|Any CPU
		{4A3BCAAB-9D3E-4CA7-A19D-7EE08FB0629E}.Debug|Any CPU.ActiveCfg = Debug|Any CPU
		{4A3BCAAB-9D3E-4CA7-A19D-7EE08FB0629E}.Debug|Any CPU.Build.0 = Debug|Any CPU
		{4A3BCAAB-9D3E-4CA7-A19D-7EE08FB0629E}.Debug|x86.ActiveCfg = Debug|Any CPU
		{4A3BCAAB-9D3E-4CA7-A19D-7EE08FB0629E}.Debug|x86.Build.0 = Debug|Any CPU
		{4A3BCAAB-9D3E-4CA7-A19D-7EE08FB0629E}.Release|Any CPU.ActiveCfg = Release|Any CPU
		{4A3BCAAB-9D3E-4CA7-A19D-7EE08FB0629E}.Release|Any CPU.Build.0 = Release|Any CPU
		{4A3BCAAB-9D3E-4CA7-A19D-7EE08FB0629E}.Release|x86.ActiveCfg = Release|Any CPU
		{4A3BCAAB-9D3E-4CA7-A19D-7EE08FB0629E}.Release|x86.Build.0 = Release|Any CPU
		{C493421E-9EA5-43C7-94A1-3CAF106014BE}.Debug|Any CPU.ActiveCfg = Debug|x86
		{C493421E-9EA5-43C7-94A1-3CAF106014BE}.Debug|x86.ActiveCfg = Debug|x86
		{C493421E-9EA5-43C7-94A1-3CAF106014BE}.Debug|x86.Build.0 = Debug|x86
		{C493421E-9EA5-43C7-94A1-3CAF106014BE}.Release|Any CPU.ActiveCfg = Release|x86
		{C493421E-9EA5-43C7-94A1-3CAF106014BE}.Release|x86.ActiveCfg = Release|x86
		{C493421E-9EA5-43C7-94A1-3CAF106014BE}.Release|x86.Build.0 = Release|x86
		{0E17B019-EE36-46B7-8B96-C0A3CA666430}.Debug|Any CPU.ActiveCfg = Debug|x86
		{0E17B019-EE36-46B7-8B96-C0A3CA666430}.Debug|Any CPU.Build.0 = Debug|x86
		{0E17B019-EE36-46B7-8B96-C0A3CA666430}.Debug|x86.ActiveCfg = Debug|x86
		{0E17B019-EE36-46B7-8B96-C0A3CA666430}.Debug|x86.Build.0 = Debug|x86
		{0E17B019-EE36-46B7-8B96-C0A3CA666430}.Release|Any CPU.ActiveCfg = Release|x86
		{0E17B019-EE36-46B7-8B96-C0A3CA666430}.Release|x86.ActiveCfg = Release|x86
		{0E17B019-EE36-46B7-8B96-C0A3CA666430}.Release|x86.Build.0 = Release|x86
		{80D1C45B-805C-48E6-BF90-F8CB2B033D31}.Debug|Any CPU.ActiveCfg = Debug|Any CPU
		{80D1C45B-805C-48E6-BF90-F8CB2B033D31}.Debug|Any CPU.Build.0 = Debug|Any CPU
		{80D1C45B-805C-48E6-BF90-F8CB2B033D31}.Debug|x86.ActiveCfg = Debug|Any CPU
		{80D1C45B-805C-48E6-BF90-F8CB2B033D31}.Debug|x86.Build.0 = Debug|Any CPU
		{80D1C45B-805C-48E6-BF90-F8CB2B033D31}.Release|Any CPU.ActiveCfg = Release|Any CPU
		{80D1C45B-805C-48E6-BF90-F8CB2B033D31}.Release|Any CPU.Build.0 = Release|Any CPU
		{80D1C45B-805C-48E6-BF90-F8CB2B033D31}.Release|x86.ActiveCfg = Release|Any CPU
		{80D1C45B-805C-48E6-BF90-F8CB2B033D31}.Release|x86.Build.0 = Release|Any CPU
		{A71076F2-B2ED-4522-8DBF-BCA1689EB637}.Debug|Any CPU.ActiveCfg = Debug|x86
		{A71076F2-B2ED-4522-8DBF-BCA1689EB637}.Debug|x86.ActiveCfg = Debug|x86
		{A71076F2-B2ED-4522-8DBF-BCA1689EB637}.Debug|x86.Build.0 = Debug|x86
		{A71076F2-B2ED-4522-8DBF-BCA1689EB637}.Release|Any CPU.ActiveCfg = Release|x86
		{A71076F2-B2ED-4522-8DBF-BCA1689EB637}.Release|x86.ActiveCfg = Release|x86
		{A71076F2-B2ED-4522-8DBF-BCA1689EB637}.Release|x86.Build.0 = Release|x86
		{7DA6C412-C345-4CCC-9F22-EF7EB3757898}.Debug|Any CPU.ActiveCfg = Debug|Any CPU
		{7DA6C412-C345-4CCC-9F22-EF7EB3757898}.Debug|Any CPU.Build.0 = Debug|Any CPU
		{7DA6C412-C345-4CCC-9F22-EF7EB3757898}.Debug|x86.ActiveCfg = Debug|Any CPU
		{7DA6C412-C345-4CCC-9F22-EF7EB3757898}.Debug|x86.Build.0 = Debug|Any CPU
		{7DA6C412-C345-4CCC-9F22-EF7EB3757898}.Release|Any CPU.ActiveCfg = Release|Any CPU
		{7DA6C412-C345-4CCC-9F22-EF7EB3757898}.Release|Any CPU.Build.0 = Release|Any CPU
		{7DA6C412-C345-4CCC-9F22-EF7EB3757898}.Release|x86.ActiveCfg = Release|Any CPU
		{7DA6C412-C345-4CCC-9F22-EF7EB3757898}.Release|x86.Build.0 = Release|Any CPU
		{5E857D4E-1A77-46D8-B1BB-B36548BE7333}.Debug|Any CPU.ActiveCfg = Debug|Any CPU
		{5E857D4E-1A77-46D8-B1BB-B36548BE7333}.Debug|Any CPU.Build.0 = Debug|Any CPU
		{5E857D4E-1A77-46D8-B1BB-B36548BE7333}.Debug|x86.ActiveCfg = Debug|Any CPU
		{5E857D4E-1A77-46D8-B1BB-B36548BE7333}.Debug|x86.Build.0 = Debug|Any CPU
		{5E857D4E-1A77-46D8-B1BB-B36548BE7333}.Release|Any CPU.ActiveCfg = Release|Any CPU
		{5E857D4E-1A77-46D8-B1BB-B36548BE7333}.Release|Any CPU.Build.0 = Release|Any CPU
		{5E857D4E-1A77-46D8-B1BB-B36548BE7333}.Release|x86.ActiveCfg = Release|Any CPU
		{5E857D4E-1A77-46D8-B1BB-B36548BE7333}.Release|x86.Build.0 = Release|Any CPU
		{F804E812-481E-45C3-BE08-749DA82075D1}.Debug|Any CPU.ActiveCfg = Debug|Any CPU
		{F804E812-481E-45C3-BE08-749DA82075D1}.Debug|Any CPU.Build.0 = Debug|Any CPU
		{F804E812-481E-45C3-BE08-749DA82075D1}.Debug|x86.ActiveCfg = Debug|Any CPU
		{F804E812-481E-45C3-BE08-749DA82075D1}.Debug|x86.Build.0 = Debug|Any CPU
		{F804E812-481E-45C3-BE08-749DA82075D1}.Release|Any CPU.ActiveCfg = Release|Any CPU
		{F804E812-481E-45C3-BE08-749DA82075D1}.Release|Any CPU.Build.0 = Release|Any CPU
		{F804E812-481E-45C3-BE08-749DA82075D1}.Release|x86.ActiveCfg = Release|Any CPU
		{F804E812-481E-45C3-BE08-749DA82075D1}.Release|x86.Build.0 = Release|Any CPU
		{0AA42995-A1CE-49FD-BB98-F94EED2D7289}.Debug|Any CPU.ActiveCfg = Debug|Any CPU
		{0AA42995-A1CE-49FD-BB98-F94EED2D7289}.Debug|Any CPU.Build.0 = Debug|Any CPU
		{0AA42995-A1CE-49FD-BB98-F94EED2D7289}.Debug|x86.ActiveCfg = Debug|Any CPU
		{0AA42995-A1CE-49FD-BB98-F94EED2D7289}.Debug|x86.Build.0 = Debug|Any CPU
		{0AA42995-A1CE-49FD-BB98-F94EED2D7289}.Release|Any CPU.ActiveCfg = Release|Any CPU
		{0AA42995-A1CE-49FD-BB98-F94EED2D7289}.Release|Any CPU.Build.0 = Release|Any CPU
		{0AA42995-A1CE-49FD-BB98-F94EED2D7289}.Release|x86.ActiveCfg = Release|Any CPU
		{0AA42995-A1CE-49FD-BB98-F94EED2D7289}.Release|x86.Build.0 = Release|Any CPU
		{5E933989-B5A4-4A45-A5B7-2D9DED61DF0F}.Debug|Any CPU.ActiveCfg = Debug|Any CPU
		{5E933989-B5A4-4A45-A5B7-2D9DED61DF0F}.Debug|Any CPU.Build.0 = Debug|Any CPU
		{5E933989-B5A4-4A45-A5B7-2D9DED61DF0F}.Debug|x86.ActiveCfg = Debug|Any CPU
		{5E933989-B5A4-4A45-A5B7-2D9DED61DF0F}.Debug|x86.Build.0 = Debug|Any CPU
		{5E933989-B5A4-4A45-A5B7-2D9DED61DF0F}.Release|Any CPU.ActiveCfg = Release|Any CPU
		{5E933989-B5A4-4A45-A5B7-2D9DED61DF0F}.Release|Any CPU.Build.0 = Release|Any CPU
		{5E933989-B5A4-4A45-A5B7-2D9DED61DF0F}.Release|x86.ActiveCfg = Release|Any CPU
		{5E933989-B5A4-4A45-A5B7-2D9DED61DF0F}.Release|x86.Build.0 = Release|Any CPU
		{2FD39CFF-E0D7-44CB-A6F7-B5E90499124C}.Debug|Any CPU.ActiveCfg = Debug|Any CPU
		{2FD39CFF-E0D7-44CB-A6F7-B5E90499124C}.Debug|Any CPU.Build.0 = Debug|Any CPU
		{2FD39CFF-E0D7-44CB-A6F7-B5E90499124C}.Debug|x86.ActiveCfg = Debug|Any CPU
		{2FD39CFF-E0D7-44CB-A6F7-B5E90499124C}.Debug|x86.Build.0 = Debug|Any CPU
		{2FD39CFF-E0D7-44CB-A6F7-B5E90499124C}.Release|Any CPU.ActiveCfg = Release|Any CPU
		{2FD39CFF-E0D7-44CB-A6F7-B5E90499124C}.Release|Any CPU.Build.0 = Release|Any CPU
		{2FD39CFF-E0D7-44CB-A6F7-B5E90499124C}.Release|x86.ActiveCfg = Release|Any CPU
		{2FD39CFF-E0D7-44CB-A6F7-B5E90499124C}.Release|x86.Build.0 = Release|Any CPU
		{131E4661-6E57-4BBA-BA2A-CE7735DC67E1}.Debug|Any CPU.ActiveCfg = Debug|Any CPU
		{131E4661-6E57-4BBA-BA2A-CE7735DC67E1}.Debug|Any CPU.Build.0 = Debug|Any CPU
		{131E4661-6E57-4BBA-BA2A-CE7735DC67E1}.Debug|x86.ActiveCfg = Debug|Any CPU
		{131E4661-6E57-4BBA-BA2A-CE7735DC67E1}.Debug|x86.Build.0 = Debug|Any CPU
		{131E4661-6E57-4BBA-BA2A-CE7735DC67E1}.Release|Any CPU.ActiveCfg = Release|Any CPU
		{131E4661-6E57-4BBA-BA2A-CE7735DC67E1}.Release|Any CPU.Build.0 = Release|Any CPU
		{131E4661-6E57-4BBA-BA2A-CE7735DC67E1}.Release|x86.ActiveCfg = Release|Any CPU
		{131E4661-6E57-4BBA-BA2A-CE7735DC67E1}.Release|x86.Build.0 = Release|Any CPU
		{B91D4BDF-E238-44A7-A5BC-5B2B906CA929}.Debug|Any CPU.ActiveCfg = Debug|Any CPU
		{B91D4BDF-E238-44A7-A5BC-5B2B906CA929}.Debug|Any CPU.Build.0 = Debug|Any CPU
		{B91D4BDF-E238-44A7-A5BC-5B2B906CA929}.Debug|x86.ActiveCfg = Debug|Any CPU
		{B91D4BDF-E238-44A7-A5BC-5B2B906CA929}.Debug|x86.Build.0 = Debug|Any CPU
		{B91D4BDF-E238-44A7-A5BC-5B2B906CA929}.Release|Any CPU.ActiveCfg = Release|Any CPU
		{B91D4BDF-E238-44A7-A5BC-5B2B906CA929}.Release|Any CPU.Build.0 = Release|Any CPU
		{B91D4BDF-E238-44A7-A5BC-5B2B906CA929}.Release|x86.ActiveCfg = Release|Any CPU
		{B91D4BDF-E238-44A7-A5BC-5B2B906CA929}.Release|x86.Build.0 = Release|Any CPU
		{95AB64F9-65CA-400F-8F68-C18CADFF1421}.Debug|Any CPU.ActiveCfg = Debug|Any CPU
		{95AB64F9-65CA-400F-8F68-C18CADFF1421}.Debug|Any CPU.Build.0 = Debug|Any CPU
		{95AB64F9-65CA-400F-8F68-C18CADFF1421}.Debug|x86.ActiveCfg = Debug|Any CPU
		{95AB64F9-65CA-400F-8F68-C18CADFF1421}.Debug|x86.Build.0 = Debug|Any CPU
		{95AB64F9-65CA-400F-8F68-C18CADFF1421}.Release|Any CPU.ActiveCfg = Release|Any CPU
		{95AB64F9-65CA-400F-8F68-C18CADFF1421}.Release|Any CPU.Build.0 = Release|Any CPU
		{95AB64F9-65CA-400F-8F68-C18CADFF1421}.Release|x86.ActiveCfg = Release|Any CPU
		{95AB64F9-65CA-400F-8F68-C18CADFF1421}.Release|x86.Build.0 = Release|Any CPU
	EndGlobalSection
	GlobalSection(SolutionProperties) = preSolution
		HideSolutionNode = FALSE
	EndGlobalSection
	GlobalSection(NestedProjects) = preSolution
		{F7CF04D0-81A0-4E89-BD3B-7689F49F3653} = {546C6024-A2C9-4646-A91B-CC32F1D29F25}
		{67BA45CA-B298-4CD3-9883-8DB1F1BE3820} = {546C6024-A2C9-4646-A91B-CC32F1D29F25}
		{91B66FF3-1782-480B-8132-4E6D2A83512F} = {546C6024-A2C9-4646-A91B-CC32F1D29F25}
		{79447C9F-422F-47AB-86D6-541F69E5935C} = {546C6024-A2C9-4646-A91B-CC32F1D29F25}
		{E7598649-D49B-45FA-B020-57E2DD777337} = {8B0AFA56-C612-4A32-A40A-5BC12287E797}
		{1938B3F8-8EDE-48F7-9594-EEB1F126E622} = {BEEEFBD4-1D51-4235-B95F-2697E24E9567}
		{2B81C89A-EE45-4276-9DC1-72BBBF07F53F} = {8B0AFA56-C612-4A32-A40A-5BC12287E797}
		{01F8E32A-5837-431F-9C1B-5D0F195FB93E} = {8B0AFA56-C612-4A32-A40A-5BC12287E797}
		{4A3BCAAB-9D3E-4CA7-A19D-7EE08FB0629E} = {8B0AFA56-C612-4A32-A40A-5BC12287E797}
		{C493421E-9EA5-43C7-94A1-3CAF106014BE} = {BEEEFBD4-1D51-4235-B95F-2697E24E9567}
		{0E17B019-EE36-46B7-8B96-C0A3CA666430} = {BEEEFBD4-1D51-4235-B95F-2697E24E9567}
		{80D1C45B-805C-48E6-BF90-F8CB2B033D31} = {BEEEFBD4-1D51-4235-B95F-2697E24E9567}
		{A71076F2-B2ED-4522-8DBF-BCA1689EB637} = {BEEEFBD4-1D51-4235-B95F-2697E24E9567}
		{7DA6C412-C345-4CCC-9F22-EF7EB3757898} = {8B0AFA56-C612-4A32-A40A-5BC12287E797}
		{5E857D4E-1A77-46D8-B1BB-B36548BE7333} = {8B0AFA56-C612-4A32-A40A-5BC12287E797}
		{F804E812-481E-45C3-BE08-749DA82075D1} = {00C6BE93-0146-4D04-8E60-D10295606865}
		{0AA42995-A1CE-49FD-BB98-F94EED2D7289} = {00C6BE93-0146-4D04-8E60-D10295606865}
		{5E933989-B5A4-4A45-A5B7-2D9DED61DF0F} = {8B0AFA56-C612-4A32-A40A-5BC12287E797}
		{2FD39CFF-E0D7-44CB-A6F7-B5E90499124C} = {8B0AFA56-C612-4A32-A40A-5BC12287E797}
		{131E4661-6E57-4BBA-BA2A-CE7735DC67E1} = {8B0AFA56-C612-4A32-A40A-5BC12287E797}
		{B91D4BDF-E238-44A7-A5BC-5B2B906CA929} = {8B0AFA56-C612-4A32-A40A-5BC12287E797}
		{95AB64F9-65CA-400F-8F68-C18CADFF1421} = {00C6BE93-0146-4D04-8E60-D10295606865}
	EndGlobalSection
EndGlobal
